
Microsoft Visual Studio Solution File, Format Version 12.00
Project("{FAE04EC0-301F-11D3-BF4B-00C04F79EFBC}") = "RESTPizza", "RESTPizza\RESTPizza.csproj", "{9729337F-7225-4026-B59A-3AB7FBB1C6CF}"
EndProject
Global
	GlobalSection(SolutionConfigurationPlatforms) = preSolution
		Debug|Any CPU = Debug|Any CPU
		Release|Any CPU = Release|Any CPU
	EndGlobalSection
	GlobalSection(ProjectConfigurationPlatforms) = postSolution
		{9729337F-7225-4026-B59A-3AB7FBB1C6CF}.Debug|Any CPU.ActiveCfg = Debug|Any CPU
		{9729337F-7225-4026-B59A-3AB7FBB1C6CF}.Debug|Any CPU.Build.0 = Debug|Any CPU
		{9729337F-7225-4026-B59A-3AB7FBB1C6CF}.Release|Any CPU.ActiveCfg = Release|Any CPU
		{9729337F-7225-4026-B59A-3AB7FBB1C6CF}.Release|Any CPU.Build.0 = Release|Any CPU
	EndGlobalSection
EndGlobal
